
Microsoft Visual Studio Solution File, Format Version 12.00
# Visual Studio Version 17
VisualStudioVersion = 17.4.33205.214
MinimumVisualStudioVersion = 10.0.40219.1
Project("{FAE04EC0-301F-11D3-BF4B-00C04F79EFBC}") = "Sandwich.Server", "Sandwich\Server\Sandwich.Server.csproj", "{A2447735-05A5-4534-812D-6007A064A18D}"
EndProject
Project("{FAE04EC0-301F-11D3-BF4B-00C04F79EFBC}") = "Sandwich.Client", "Sandwich\Client\Sandwich.Client.csproj", "{B50AB3B0-BE07-45EC-A629-CF0E027A120B}"
EndProject
Project("{FAE04EC0-301F-11D3-BF4B-00C04F79EFBC}") = "Sandwich.Shared", "Sandwich\Shared\Sandwich.Shared.csproj", "{983B7393-4B2F-4A99-A1B4-F45BDD7AC91E}"
EndProject
Global
	GlobalSection(SolutionConfigurationPlatforms) = preSolution
		Debug|Any CPU = Debug|Any CPU
		Release|Any CPU = Release|Any CPU
	EndGlobalSection
	GlobalSection(ProjectConfigurationPlatforms) = postSolution
		{A2447735-05A5-4534-812D-6007A064A18D}.Debug|Any CPU.ActiveCfg = Debug|Any CPU
		{A2447735-05A5-4534-812D-6007A064A18D}.Debug|Any CPU.Build.0 = Debug|Any CPU
		{A2447735-05A5-4534-812D-6007A064A18D}.Release|Any CPU.ActiveCfg = Release|Any CPU
		{A2447735-05A5-4534-812D-6007A064A18D}.Release|Any CPU.Build.0 = Release|Any CPU
		{B50AB3B0-BE07-45EC-A629-CF0E027A120B}.Debug|Any CPU.ActiveCfg = Debug|Any CPU
		{B50AB3B0-BE07-45EC-A629-CF0E027A120B}.Debug|Any CPU.Build.0 = Debug|Any CPU
		{B50AB3B0-BE07-45EC-A629-CF0E027A120B}.Release|Any CPU.ActiveCfg = Release|Any CPU
		{B50AB3B0-BE07-45EC-A629-CF0E027A120B}.Release|Any CPU.Build.0 = Release|Any CPU
		{983B7393-4B2F-4A99-A1B4-F45BDD7AC91E}.Debug|Any CPU.ActiveCfg = Debug|Any CPU
		{983B7393-4B2F-4A99-A1B4-F45BDD7AC91E}.Debug|Any CPU.Build.0 = Debug|Any CPU
		{983B7393-4B2F-4A99-A1B4-F45BDD7AC91E}.Release|Any CPU.ActiveCfg = Release|Any CPU
		{983B7393-4B2F-4A99-A1B4-F45BDD7AC91E}.Release|Any CPU.Build.0 = Release|Any CPU
	EndGlobalSection
	GlobalSection(SolutionProperties) = preSolution
		HideSolutionNode = FALSE
	EndGlobalSection
	GlobalSection(ExtensibilityGlobals) = postSolution
		SolutionGuid = {C40DB632-3C71-45C1-928B-9523617FBBD6}
	EndGlobalSection
EndGlobal
